
Microsoft Visual Studio Solution File, Format Version 12.00
Project("{FAE04EC0-301F-11D3-BF4B-00C04F79EFBC}") = "InfoScreenApi", "InfoScreenApi\InfoScreenApi.csproj", "{9FFFC77D-FB65-4133-B36C-D1AC20AFF63D}"
EndProject
Global
	GlobalSection(SolutionConfigurationPlatforms) = preSolution
		Debug|Any CPU = Debug|Any CPU
		Release|Any CPU = Release|Any CPU
	EndGlobalSection
	GlobalSection(ProjectConfigurationPlatforms) = postSolution
		{9FFFC77D-FB65-4133-B36C-D1AC20AFF63D}.Debug|Any CPU.ActiveCfg = Debug|Any CPU
		{9FFFC77D-FB65-4133-B36C-D1AC20AFF63D}.Debug|Any CPU.Build.0 = Debug|Any CPU
		{9FFFC77D-FB65-4133-B36C-D1AC20AFF63D}.Release|Any CPU.ActiveCfg = Release|Any CPU
		{9FFFC77D-FB65-4133-B36C-D1AC20AFF63D}.Release|Any CPU.Build.0 = Release|Any CPU
	EndGlobalSection
EndGlobal
